
Microsoft Visual Studio Solution File, Format Version 12.00
# Visual Studio Version 16
VisualStudioVersion = 16.0.30503.244
MinimumVisualStudioVersion = 10.0.40219.1
Project("{FAE04EC0-301F-11D3-BF4B-00C04F79EFBC}") = "FactoryPattern", "FactoryPattern\FactoryPattern.csproj", "{F9AFCCCE-AEF9-4BA4-8798-4D2F4ADC9BB4}"
EndProject
Global
	GlobalSection(SolutionConfigurationPlatforms) = preSolution
		Debug|Any CPU = Debug|Any CPU
		Release|Any CPU = Release|Any CPU
	EndGlobalSection
	GlobalSection(ProjectConfigurationPlatforms) = postSolution
		{F9AFCCCE-AEF9-4BA4-8798-4D2F4ADC9BB4}.Debug|Any CPU.ActiveCfg = Debug|Any CPU
		{F9AFCCCE-AEF9-4BA4-8798-4D2F4ADC9BB4}.Debug|Any CPU.Build.0 = Debug|Any CPU
		{F9AFCCCE-AEF9-4BA4-8798-4D2F4ADC9BB4}.Release|Any CPU.ActiveCfg = Release|Any CPU
		{F9AFCCCE-AEF9-4BA4-8798-4D2F4ADC9BB4}.Release|Any CPU.Build.0 = Release|Any CPU
	EndGlobalSection
	GlobalSection(SolutionProperties) = preSolution
		HideSolutionNode = FALSE
	EndGlobalSection
	GlobalSection(ExtensibilityGlobals) = postSolution
		SolutionGuid = {62C98E66-9D63-4EF9-B7E6-1944A4E00196}
	EndGlobalSection
EndGlobal
